// !$*UTF8*$!
{
	archiveVersion = 1;
	classes = {
	};
	objectVersion = 46;
	objects = {

/* Begin PBXBuildFile section */
		07FDE94E1D69ED9D0084D424 /* main.m in Sources */ = {isa = PBXBuildFile; fileRef = 07FDE94D1D69ED9D0084D424 /* main.m */; };
		07FDE9511D69ED9D0084D424 /* AppDelegate.m in Sources */ = {isa = PBXBuildFile; fileRef = 07FDE9501D69ED9D0084D424 /* AppDelegate.m */; };
		07FDE9541D69ED9D0084D424 /* ViewController.m in Sources */ = {isa = PBXBuildFile; fileRef = 07FDE9531D69ED9D0084D424 /* ViewController.m */; };
		07FDE9571D69ED9D0084D424 /* Main.storyboard in Resources */ = {isa = PBXBuildFile; fileRef = 07FDE9551D69ED9D0084D424 /* Main.storyboard */; };
		07FDE9591D69ED9D0084D424 /* Assets.xcassets in Resources */ = {isa = PBXBuildFile; fileRef = 07FDE9581D69ED9D0084D424 /* Assets.xcassets */; };
		07FDE95C1D69ED9D0084D424 /* LaunchScreen.storyboard in Resources */ = {isa = PBXBuildFile; fileRef = 07FDE95A1D69ED9D0084D424 /* LaunchScreen.storyboard */; };
		07FDE9671D69ED9D0084D424 /* LIPDatabaseDemoTests.m in Sources */ = {isa = PBXBuildFile; fileRef = 07FDE9661D69ED9D0084D424 /* LIPDatabaseDemoTests.m */; };
		07FDE9721D69ED9D0084D424 /* LIPDatabaseDemoUITests.m in Sources */ = {isa = PBXBuildFile; fileRef = 07FDE9711D69ED9D0084D424 /* LIPDatabaseDemoUITests.m */; };
		07FDE9801D69EDFF0084D424 /* libsqlite3.tbd in Frameworks */ = {isa = PBXBuildFile; fileRef = 07FDE97F1D69EDFF0084D424 /* libsqlite3.tbd */; };
		07FDE98E1D69EE0B0084D424 /* LIPDatabaseManager.m in Sources */ = {isa = PBXBuildFile; fileRef = 07FDE9841D69EE0B0084D424 /* LIPDatabaseManager.m */; };
		07FDE98F1D69EE0B0084D424 /* LIPDatabaseUtils.m in Sources */ = {isa = PBXBuildFile; fileRef = 07FDE9861D69EE0B0084D424 /* LIPDatabaseUtils.m */; };
		07FDE9901D69EE0B0084D424 /* LIPFMDatabase.m in Sources */ = {isa = PBXBuildFile; fileRef = 07FDE9891D69EE0B0084D424 /* LIPFMDatabase.m */; };
		07FDE9911D69EE0B0084D424 /* LIPFMDatabseUtils.m in Sources */ = {isa = PBXBuildFile; fileRef = 07FDE98B1D69EE0B0084D424 /* LIPFMDatabseUtils.m */; };
		07FDE9921D69EE0B0084D424 /* LIPJsonParseUtils.m in Sources */ = {isa = PBXBuildFile; fileRef = 07FDE98D1D69EE0B0084D424 /* LIPJsonParseUtils.m */; };
		07FDE9A31D69EE2A0084D424 /* LICENSE.txt in Resources */ = {isa = PBXBuildFile; fileRef = 07FDE9941D69EE2A0084D424 /* LICENSE.txt */; };
		07FDE9A41D69EE2A0084D424 /* README.markdown in Sources */ = {isa = PBXBuildFile; fileRef = 07FDE9951D69EE2A0084D424 /* README.markdown */; };
		07FDE9A51D69EE2A0084D424 /* FMDatabase.m in Sources */ = {isa = PBXBuildFile; fileRef = 07FDE9991D69EE2A0084D424 /* FMDatabase.m */; };
		07FDE9A61D69EE2A0084D424 /* FMDatabaseAdditions.m in Sources */ = {isa = PBXBuildFile; fileRef = 07FDE99B1D69EE2A0084D424 /* FMDatabaseAdditions.m */; };
		07FDE9A71D69EE2A0084D424 /* FMDatabasePool.m in Sources */ = {isa = PBXBuildFile; fileRef = 07FDE99D1D69EE2A0084D424 /* FMDatabasePool.m */; };
		07FDE9A81D69EE2A0084D424 /* FMDatabaseQueue.m in Sources */ = {isa = PBXBuildFile; fileRef = 07FDE99F1D69EE2A0084D424 /* FMDatabaseQueue.m */; };
		07FDE9A91D69EE2A0084D424 /* FMResultSet.m in Sources */ = {isa = PBXBuildFile; fileRef = 07FDE9A21D69EE2A0084D424 /* FMResultSet.m */; };
/* End PBXBuildFile section */

/* Begin PBXContainerItemProxy section */
		07FDE9631D69ED9D0084D424 /* PBXContainerItemProxy */ = {
			isa = PBXContainerItemProxy;
			containerPortal = 07FDE9411D69ED9D0084D424 /* Project object */;
			proxyType = 1;
			remoteGlobalIDString = 07FDE9481D69ED9D0084D424;
			remoteInfo = LIPDatabaseDemo;
		};
		07FDE96E1D69ED9D0084D424 /* PBXContainerItemProxy */ = {
			isa = PBXContainerItemProxy;
			containerPortal = 07FDE9411D69ED9D0084D424 /* Project object */;
			proxyType = 1;
			remoteGlobalIDString = 07FDE9481D69ED9D0084D424;
			remoteInfo = LIPDatabaseDemo;
		};
/* End PBXContainerItemProxy section */

/* Begin PBXFileReference section */
		07FDE9491D69ED9D0084D424 /* LIPDatabaseDemo.app */ = {isa = PBXFileReference; explicitFileType = wrapper.application; includeInIndex = 0; path = LIPDatabaseDemo.app; sourceTree = BUILT_PRODUCTS_DIR; };
		07FDE94D1D69ED9D0084D424 /* main.m */ = {isa = PBXFileReference; lastKnownFileType = sourcecode.c.objc; path = main.m; sourceTree = "<group>"; };
		07FDE94F1D69ED9D0084D424 /* AppDelegate.h */ = {isa = PBXFileReference; lastKnownFileType = sourcecode.c.h; path = AppDelegate.h; sourceTree = "<group>"; };
		07FDE9501D69ED9D0084D424 /* AppDelegate.m */ = {isa = PBXFileReference; lastKnownFileType = sourcecode.c.objc; path = AppDelegate.m; sourceTree = "<group>"; };
		07FDE9521D69ED9D0084D424 /* ViewController.h */ = {isa = PBXFileReference; lastKnownFileType = sourcecode.c.h; path = ViewController.h; sourceTree = "<group>"; };
		07FDE9531D69ED9D0084D424 /* ViewController.m */ = {isa = PBXFileReference; lastKnownFileType = sourcecode.c.objc; path = ViewController.m; sourceTree = "<group>"; };
		07FDE9561D69ED9D0084D424 /* Base */ = {isa = PBXFileReference; lastKnownFileType = file.storyboard; name = Base; path = Base.lproj/Main.storyboard; sourceTree = "<group>"; };
		07FDE9581D69ED9D0084D424 /* Assets.xcassets */ = {isa = PBXFileReference; lastKnownFileType = folder.assetcatalog; path = Assets.xcassets; sourceTree = "<group>"; };
		07FDE95B1D69ED9D0084D424 /* Base */ = {isa = PBXFileReference; lastKnownFileType = file.storyboard; name = Base; path = Base.lproj/LaunchScreen.storyboard; sourceTree = "<group>"; };
		07FDE95D1D69ED9D0084D424 /* Info.plist */ = {isa = PBXFileReference; lastKnownFileType = text.plist.xml; path = Info.plist; sourceTree = "<group>"; };
		07FDE9621D69ED9D0084D424 /* LIPDatabaseDemoTests.xctest */ = {isa = PBXFileReference; explicitFileType = wrapper.cfbundle; includeInIndex = 0; path = LIPDatabaseDemoTests.xctest; sourceTree = BUILT_PRODUCTS_DIR; };
		07FDE9661D69ED9D0084D424 /* LIPDatabaseDemoTests.m */ = {isa = PBXFileReference; lastKnownFileType = sourcecode.c.objc; path = LIPDatabaseDemoTests.m; sourceTree = "<group>"; };
		07FDE9681D69ED9D0084D424 /* Info.plist */ = {isa = PBXFileReference; lastKnownFileType = text.plist.xml; path = Info.plist; sourceTree = "<group>"; };
		07FDE96D1D69ED9D0084D424 /* LIPDatabaseDemoUITests.xctest */ = {isa = PBXFileReference; explicitFileType = wrapper.cfbundle; includeInIndex = 0; path = LIPDatabaseDemoUITests.xctest; sourceTree = BUILT_PRODUCTS_DIR; };
		07FDE9711D69ED9D0084D424 /* LIPDatabaseDemoUITests.m */ = {isa = PBXFileReference; lastKnownFileType = sourcecode.c.objc; path = LIPDatabaseDemoUITests.m; sourceTree = "<group>"; };
		07FDE9731D69ED9D0084D424 /* Info.plist */ = {isa = PBXFileReference; lastKnownFileType = text.plist.xml; path = Info.plist; sourceTree = "<group>"; };
		07FDE97F1D69EDFF0084D424 /* libsqlite3.tbd */ = {isa = PBXFileReference; lastKnownFileType = "sourcecode.text-based-dylib-definition"; name = libsqlite3.tbd; path = usr/lib/libsqlite3.tbd; sourceTree = SDKROOT; };
		07FDE9821D69EE0B0084D424 /* LIPDatabaseInterface.h */ = {isa = PBXFileReference; fileEncoding = 4; lastKnownFileType = sourcecode.c.h; path = LIPDatabaseInterface.h; sourceTree = "<group>"; };
		07FDE9831D69EE0B0084D424 /* LIPDatabaseManager.h */ = {isa = PBXFileReference; fileEncoding = 4; lastKnownFileType = sourcecode.c.h; path = LIPDatabaseManager.h; sourceTree = "<group>"; };
		07FDE9841D69EE0B0084D424 /* LIPDatabaseManager.m */ = {isa = PBXFileReference; fileEncoding = 4; lastKnownFileType = sourcecode.c.objc; path = LIPDatabaseManager.m; sourceTree = "<group>"; };
		07FDE9851D69EE0B0084D424 /* LIPDatabaseUtils.h */ = {isa = PBXFileReference; fileEncoding = 4; lastKnownFileType = sourcecode.c.h; path = LIPDatabaseUtils.h; sourceTree = "<group>"; };
		07FDE9861D69EE0B0084D424 /* LIPDatabaseUtils.m */ = {isa = PBXFileReference; fileEncoding = 4; lastKnownFileType = sourcecode.c.objc; path = LIPDatabaseUtils.m; sourceTree = "<group>"; };
		07FDE9871D69EE0B0084D424 /* LIPDBManagerDelegate.h */ = {isa = PBXFileReference; fileEncoding = 4; lastKnownFileType = sourcecode.c.h; path = LIPDBManagerDelegate.h; sourceTree = "<group>"; };
		07FDE9881D69EE0B0084D424 /* LIPFMDatabase.h */ = {isa = PBXFileReference; fileEncoding = 4; lastKnownFileType = sourcecode.c.h; path = LIPFMDatabase.h; sourceTree = "<group>"; };
		07FDE9891D69EE0B0084D424 /* LIPFMDatabase.m */ = {isa = PBXFileReference; fileEncoding = 4; lastKnownFileType = sourcecode.c.objc; path = LIPFMDatabase.m; sourceTree = "<group>"; };
		07FDE98A1D69EE0B0084D424 /* LIPFMDatabseUtils.h */ = {isa = PBXFileReference; fileEncoding = 4; lastKnownFileType = sourcecode.c.h; path = LIPFMDatabseUtils.h; sourceTree = "<group>"; };
		07FDE98B1D69EE0B0084D424 /* LIPFMDatabseUtils.m */ = {isa = PBXFileReference; fileEncoding = 4; lastKnownFileType = sourcecode.c.objc; path = LIPFMDatabseUtils.m; sourceTree = "<group>"; };
		07FDE98C1D69EE0B0084D424 /* LIPJsonParseUtils.h */ = {isa = PBXFileReference; fileEncoding = 4; lastKnownFileType = sourcecode.c.h; path = LIPJsonParseUtils.h; sourceTree = "<group>"; };
		07FDE98D1D69EE0B0084D424 /* LIPJsonParseUtils.m */ = {isa = PBXFileReference; fileEncoding = 4; lastKnownFileType = sourcecode.c.objc; path = LIPJsonParseUtils.m; sourceTree = "<group>"; };
		07FDE9941D69EE2A0084D424 /* LICENSE.txt */ = {isa = PBXFileReference; fileEncoding = 4; lastKnownFileType = text; path = LICENSE.txt; sourceTree = "<group>"; };
		07FDE9951D69EE2A0084D424 /* README.markdown */ = {isa = PBXFileReference; fileEncoding = 4; lastKnownFileType = net.daringfireball.markdown; path = README.markdown; sourceTree = "<group>"; };
		07FDE9981D69EE2A0084D424 /* FMDatabase.h */ = {isa = PBXFileReference; fileEncoding = 4; lastKnownFileType = sourcecode.c.h; path = FMDatabase.h; sourceTree = "<group>"; };
		07FDE9991D69EE2A0084D424 /* FMDatabase.m */ = {isa = PBXFileReference; fileEncoding = 4; lastKnownFileType = sourcecode.c.objc; path = FMDatabase.m; sourceTree = "<group>"; };
		07FDE99A1D69EE2A0084D424 /* FMDatabaseAdditions.h */ = {isa = PBXFileReference; fileEncoding = 4; lastKnownFileType = sourcecode.c.h; path = FMDatabaseAdditions.h; sourceTree = "<group>"; };
		07FDE99B1D69EE2A0084D424 /* FMDatabaseAdditions.m */ = {isa = PBXFileReference; fileEncoding = 4; lastKnownFileType = sourcecode.c.objc; path = FMDatabaseAdditions.m; sourceTree = "<group>"; };
		07FDE99C1D69EE2A0084D424 /* FMDatabasePool.h */ = {isa = PBXFileReference; fileEncoding = 4; lastKnownFileType = sourcecode.c.h; path = FMDatabasePool.h; sourceTree = "<group>"; };
		07FDE99D1D69EE2A0084D424 /* FMDatabasePool.m */ = {isa = PBXFileReference; fileEncoding = 4; lastKnownFileType = sourcecode.c.objc; path = FMDatabasePool.m; sourceTree = "<group>"; };
		07FDE99E1D69EE2A0084D424 /* FMDatabaseQueue.h */ = {isa = PBXFileReference; fileEncoding = 4; lastKnownFileType = sourcecode.c.h; path = FMDatabaseQueue.h; sourceTree = "<group>"; };
		07FDE99F1D69EE2A0084D424 /* FMDatabaseQueue.m */ = {isa = PBXFileReference; fileEncoding = 4; lastKnownFileType = sourcecode.c.objc; path = FMDatabaseQueue.m; sourceTree = "<group>"; };
		07FDE9A01D69EE2A0084D424 /* FMDB.h */ = {isa = PBXFileReference; fileEncoding = 4; lastKnownFileType = sourcecode.c.h; path = FMDB.h; sourceTree = "<group>"; };
		07FDE9A11D69EE2A0084D424 /* FMResultSet.h */ = {isa = PBXFileReference; fileEncoding = 4; lastKnownFileType = sourcecode.c.h; path = FMResultSet.h; sourceTree = "<group>"; };
		07FDE9A21D69EE2A0084D424 /* FMResultSet.m */ = {isa = PBXFileReference; fileEncoding = 4; lastKnownFileType = sourcecode.c.objc; path = FMResultSet.m; sourceTree = "<group>"; };
/* End PBXFileReference section */

/* Begin PBXFrameworksBuildPhase section */
		07FDE9461D69ED9D0084D424 /* Frameworks */ = {
			isa = PBXFrameworksBuildPhase;
			buildActionMask = 2147483647;
			files = (
				07FDE9801D69EDFF0084D424 /* libsqlite3.tbd in Frameworks */,
			);
			runOnlyForDeploymentPostprocessing = 0;
		};
		07FDE95F1D69ED9D0084D424 /* Frameworks */ = {
			isa = PBXFrameworksBuildPhase;
			buildActionMask = 2147483647;
			files = (
			);
			runOnlyForDeploymentPostprocessing = 0;
		};
		07FDE96A1D69ED9D0084D424 /* Frameworks */ = {
			isa = PBXFrameworksBuildPhase;
			buildActionMask = 2147483647;
			files = (
			);
			runOnlyForDeploymentPostprocessing = 0;
		};
/* End PBXFrameworksBuildPhase section */

/* Begin PBXGroup section */
		07FDE9401D69ED9D0084D424 = {
			isa = PBXGroup;
			children = (
				07FDE9931D69EE2A0084D424 /* FMDB */,
				07FDE9811D69EE0B0084D424 /* LIPDatabase */,
				07FDE97F1D69EDFF0084D424 /* libsqlite3.tbd */,
				07FDE94B1D69ED9D0084D424 /* LIPDatabaseDemo */,
				07FDE9651D69ED9D0084D424 /* LIPDatabaseDemoTests */,
				07FDE9701D69ED9D0084D424 /* LIPDatabaseDemoUITests */,
				07FDE94A1D69ED9D0084D424 /* Products */,
			);
			sourceTree = "<group>";
		};
		07FDE94A1D69ED9D0084D424 /* Products */ = {
			isa = PBXGroup;
			children = (
				07FDE9491D69ED9D0084D424 /* LIPDatabaseDemo.app */,
				07FDE9621D69ED9D0084D424 /* LIPDatabaseDemoTests.xctest */,
				07FDE96D1D69ED9D0084D424 /* LIPDatabaseDemoUITests.xctest */,
			);
			name = Products;
			sourceTree = "<group>";
		};
		07FDE94B1D69ED9D0084D424 /* LIPDatabaseDemo */ = {
			isa = PBXGroup;
			children = (
				07FDE94F1D69ED9D0084D424 /* AppDelegate.h */,
				07FDE9501D69ED9D0084D424 /* AppDelegate.m */,
				07FDE9521D69ED9D0084D424 /* ViewController.h */,
				07FDE9531D69ED9D0084D424 /* ViewController.m */,
				07FDE9551D69ED9D0084D424 /* Main.storyboard */,
				07FDE9581D69ED9D0084D424 /* Assets.xcassets */,
				07FDE95A1D69ED9D0084D424 /* LaunchScreen.storyboard */,
				07FDE95D1D69ED9D0084D424 /* Info.plist */,
				07FDE94C1D69ED9D0084D424 /* Supporting Files */,
			);
			path = LIPDatabaseDemo;
			sourceTree = "<group>";
		};
		07FDE94C1D69ED9D0084D424 /* Supporting Files */ = {
			isa = PBXGroup;
			children = (
				07FDE94D1D69ED9D0084D424 /* main.m */,
			);
			name = "Supporting Files";
			sourceTree = "<group>";
		};
		07FDE9651D69ED9D0084D424 /* LIPDatabaseDemoTests */ = {
			isa = PBXGroup;
			children = (
				07FDE9661D69ED9D0084D424 /* LIPDatabaseDemoTests.m */,
				07FDE9681D69ED9D0084D424 /* Info.plist */,
			);
			path = LIPDatabaseDemoTests;
			sourceTree = "<group>";
		};
		07FDE9701D69ED9D0084D424 /* LIPDatabaseDemoUITests */ = {
			isa = PBXGroup;
			children = (
				07FDE9711D69ED9D0084D424 /* LIPDatabaseDemoUITests.m */,
				07FDE9731D69ED9D0084D424 /* Info.plist */,
			);
			path = LIPDatabaseDemoUITests;
			sourceTree = "<group>";
		};
		07FDE9811D69EE0B0084D424 /* LIPDatabase */ = {
			isa = PBXGroup;
			children = (
				07FDE9821D69EE0B0084D424 /* LIPDatabaseInterface.h */,
				07FDE9831D69EE0B0084D424 /* LIPDatabaseManager.h */,
				07FDE9841D69EE0B0084D424 /* LIPDatabaseManager.m */,
				07FDE9851D69EE0B0084D424 /* LIPDatabaseUtils.h */,
				07FDE9861D69EE0B0084D424 /* LIPDatabaseUtils.m */,
				07FDE9871D69EE0B0084D424 /* LIPDBManagerDelegate.h */,
				07FDE9881D69EE0B0084D424 /* LIPFMDatabase.h */,
				07FDE9891D69EE0B0084D424 /* LIPFMDatabase.m */,
				07FDE98A1D69EE0B0084D424 /* LIPFMDatabseUtils.h */,
				07FDE98B1D69EE0B0084D424 /* LIPFMDatabseUtils.m */,
				07FDE98C1D69EE0B0084D424 /* LIPJsonParseUtils.h */,
				07FDE98D1D69EE0B0084D424 /* LIPJsonParseUtils.m */,
			);
			name = LIPDatabase;
			path = ../LIPDatabase;
			sourceTree = "<group>";
		};
		07FDE9931D69EE2A0084D424 /* FMDB */ = {
			isa = PBXGroup;
			children = (
				07FDE9941D69EE2A0084D424 /* LICENSE.txt */,
				07FDE9951D69EE2A0084D424 /* README.markdown */,
				07FDE9961D69EE2A0084D424 /* src */,
			);
			path = FMDB;
			sourceTree = "<group>";
		};
		07FDE9961D69EE2A0084D424 /* src */ = {
			isa = PBXGroup;
			children = (
				07FDE9971D69EE2A0084D424 /* fmdb */,
			);
			path = src;
			sourceTree = "<group>";
		};
		07FDE9971D69EE2A0084D424 /* fmdb */ = {
			isa = PBXGroup;
			children = (
				07FDE9981D69EE2A0084D424 /* FMDatabase.h */,
				07FDE9991D69EE2A0084D424 /* FMDatabase.m */,
				07FDE99A1D69EE2A0084D424 /* FMDatabaseAdditions.h */,
				07FDE99B1D69EE2A0084D424 /* FMDatabaseAdditions.m */,
				07FDE99C1D69EE2A0084D424 /* FMDatabasePool.h */,
				07FDE99D1D69EE2A0084D424 /* FMDatabasePool.m */,
				07FDE99E1D69EE2A0084D424 /* FMDatabaseQueue.h */,
				07FDE99F1D69EE2A0084D424 /* FMDatabaseQueue.m */,
				07FDE9A01D69EE2A0084D424 /* FMDB.h */,
				07FDE9A11D69EE2A0084D424 /* FMResultSet.h */,
				07FDE9A21D69EE2A0084D424 /* FMResultSet.m */,
			);
			path = fmdb;
			sourceTree = "<group>";
		};
/* End PBXGroup section */

/* Begin PBXNativeTarget section */
		07FDE9481D69ED9D0084D424 /* LIPDatabaseDemo */ = {
			isa = PBXNativeTarget;
			buildConfigurationList = 07FDE9761D69ED9D0084D424 /* Build configuration list for PBXNativeTarget "LIPDatabaseDemo" */;
			buildPhases = (
				07FDE9451D69ED9D0084D424 /* Sources */,
				07FDE9461D69ED9D0084D424 /* Frameworks */,
				07FDE9471D69ED9D0084D424 /* Resources */,
			);
			buildRules = (
			);
			dependencies = (
			);
			name = LIPDatabaseDemo;
			productName = LIPDatabaseDemo;
			productReference = 07FDE9491D69ED9D0084D424 /* LIPDatabaseDemo.app */;
			productType = "com.apple.product-type.application";
		};
		07FDE9611D69ED9D0084D424 /* LIPDatabaseDemoTests */ = {
			isa = PBXNativeTarget;
			buildConfigurationList = 07FDE9791D69ED9D0084D424 /* Build configuration list for PBXNativeTarget "LIPDatabaseDemoTests" */;
			buildPhases = (
				07FDE95E1D69ED9D0084D424 /* Sources */,
				07FDE95F1D69ED9D0084D424 /* Frameworks */,
				07FDE9601D69ED9D0084D424 /* Resources */,
			);
			buildRules = (
			);
			dependencies = (
				07FDE9641D69ED9D0084D424 /* PBXTargetDependency */,
			);
			name = LIPDatabaseDemoTests;
			productName = LIPDatabaseDemoTests;
			productReference = 07FDE9621D69ED9D0084D424 /* LIPDatabaseDemoTests.xctest */;
			productType = "com.apple.product-type.bundle.unit-test";
		};
		07FDE96C1D69ED9D0084D424 /* LIPDatabaseDemoUITests */ = {
			isa = PBXNativeTarget;
			buildConfigurationList = 07FDE97C1D69ED9D0084D424 /* Build configuration list for PBXNativeTarget "LIPDatabaseDemoUITests" */;
			buildPhases = (
				07FDE9691D69ED9D0084D424 /* Sources */,
				07FDE96A1D69ED9D0084D424 /* Frameworks */,
				07FDE96B1D69ED9D0084D424 /* Resources */,
			);
			buildRules = (
			);
			dependencies = (
				07FDE96F1D69ED9D0084D424 /* PBXTargetDependency */,
			);
			name = LIPDatabaseDemoUITests;
			productName = LIPDatabaseDemoUITests;
			productReference = 07FDE96D1D69ED9D0084D424 /* LIPDatabaseDemoUITests.xctest */;
			productType = "com.apple.product-type.bundle.ui-testing";
		};
/* End PBXNativeTarget section */

/* Begin PBXProject section */
		07FDE9411D69ED9D0084D424 /* Project object */ = {
			isa = PBXProject;
			attributes = {
				LastUpgradeCheck = 0730;
				ORGANIZATIONNAME = Lip.W;
				TargetAttributes = {
					07FDE9481D69ED9D0084D424 = {
						CreatedOnToolsVersion = 7.3.1;
					};
					07FDE9611D69ED9D0084D424 = {
						CreatedOnToolsVersion = 7.3.1;
						TestTargetID = 07FDE9481D69ED9D0084D424;
					};
					07FDE96C1D69ED9D0084D424 = {
						CreatedOnToolsVersion = 7.3.1;
						TestTargetID = 07FDE9481D69ED9D0084D424;
					};
				};
			};
			buildConfigurationList = 07FDE9441D69ED9D0084D424 /* Build configuration list for PBXProject "LIPDatabaseDemo" */;
			compatibilityVersion = "Xcode 3.2";
			developmentRegion = English;
			hasScannedForEncodings = 0;
			knownRegions = (
				en,
				Base,
			);
			mainGroup = 07FDE9401D69ED9D0084D424;
			productRefGroup = 07FDE94A1D69ED9D0084D424 /* Products */;
			projectDirPath = "";
			projectRoot = "";
			targets = (
				07FDE9481D69ED9D0084D424 /* LIPDatabaseDemo */,
				07FDE9611D69ED9D0084D424 /* LIPDatabaseDemoTests */,
				07FDE96C1D69ED9D0084D424 /* LIPDatabaseDemoUITests */,
			);
		};
/* End PBXProject section */

/* Begin PBXResourcesBuildPhase section */
		07FDE9471D69ED9D0084D424 /* Resources */ = {
			isa = PBXResourcesBuildPhase;
			buildActionMask = 2147483647;
			files = (
				07FDE9A31D69EE2A0084D424 /* LICENSE.txt in Resources */,
				07FDE95C1D69ED9D0084D424 /* LaunchScreen.storyboard in Resources */,
				07FDE9591D69ED9D0084D424 /* Assets.xcassets in Resources */,
				07FDE9571D69ED9D0084D424 /* Main.storyboard in Resources */,
			);
			runOnlyForDeploymentPostprocessing = 0;
		};
		07FDE9601D69ED9D0084D424 /* Resources */ = {
			isa = PBXResourcesBuildPhase;
			buildActionMask = 2147483647;
			files = (
			);
			runOnlyForDeploymentPostprocessing = 0;
		};
		07FDE96B1D69ED9D0084D424 /* Resources */ = {
			isa = PBXResourcesBuildPhase;
			buildActionMask = 2147483647;
			files = (
			);
			runOnlyForDeploymentPostprocessing = 0;
		};
/* End PBXResourcesBuildPhase section */

/* Begin PBXSourcesBuildPhase section */
		07FDE9451D69ED9D0084D424 /* Sources */ = {
			isa = PBXSourcesBuildPhase;
			buildActionMask = 2147483647;
			files = (
				07FDE98E1D69EE0B0084D424 /* LIPDatabaseManager.m in Sources */,
				07FDE9A71D69EE2A0084D424 /* FMDatabasePool.m in Sources */,
				07FDE9A91D69EE2A0084D424 /* FMResultSet.m in Sources */,
				07FDE9921D69EE0B0084D424 /* LIPJsonParseUtils.m in Sources */,
				07FDE98F1D69EE0B0084D424 /* LIPDatabaseUtils.m in Sources */,
				07FDE9A81D69EE2A0084D424 /* FMDatabaseQueue.m in Sources */,
				07FDE9A51D69EE2A0084D424 /* FMDatabase.m in Sources */,
				07FDE9541D69ED9D0084D424 /* ViewController.m in Sources */,
				07FDE9901D69EE0B0084D424 /* LIPFMDatabase.m in Sources */,
				07FDE9A41D69EE2A0084D424 /* README.markdown in Sources */,
				07FDE9A61D69EE2A0084D424 /* FMDatabaseAdditions.m in Sources */,
				07FDE9911D69EE0B0084D424 /* LIPFMDatabseUtils.m in Sources */,
				07FDE9511D69ED9D0084D424 /* AppDelegate.m in Sources */,
				07FDE94E1D69ED9D0084D424 /* main.m in Sources */,
			);
			runOnlyForDeploymentPostprocessing = 0;
		};
		07FDE95E1D69ED9D0084D424 /* Sources */ = {
			isa = PBXSourcesBuildPhase;
			buildActionMask = 2147483647;
			files = (
				07FDE9671D69ED9D0084D424 /* LIPDatabaseDemoTests.m in Sources */,
			);
			runOnlyForDeploymentPostprocessing = 0;
		};
		07FDE9691D69ED9D0084D424 /* Sources */ = {
			isa = PBXSourcesBuildPhase;
			buildActionMask = 2147483647;
			files = (
				07FDE9721D69ED9D0084D424 /* LIPDatabaseDemoUITests.m in Sources */,
			);
			runOnlyForDeploymentPostprocessing = 0;
		};
/* End PBXSourcesBuildPhase section */

/* Begin PBXTargetDependency section */
		07FDE9641D69ED9D0084D424 /* PBXTargetDependency */ = {
			isa = PBXTargetDependency;
			target = 07FDE9481D69ED9D0084D424 /* LIPDatabaseDemo */;
			targetProxy = 07FDE9631D69ED9D0084D424 /* PBXContainerItemProxy */;
		};
		07FDE96F1D69ED9D0084D424 /* PBXTargetDependency */ = {
			isa = PBXTargetDependency;
			target = 07FDE9481D69ED9D0084D424 /* LIPDatabaseDemo */;
			targetProxy = 07FDE96E1D69ED9D0084D424 /* PBXContainerItemProxy */;
		};
/* End PBXTargetDependency section */

/* Begin PBXVariantGroup section */
		07FDE9551D69ED9D0084D424 /* Main.storyboard */ = {
			isa = PBXVariantGroup;
			children = (
				07FDE9561D69ED9D0084D424 /* Base */,
			);
			name = Main.storyboard;
			sourceTree = "<group>";
		};
		07FDE95A1D69ED9D0084D424 /* LaunchScreen.storyboard */ = {
			isa = PBXVariantGroup;
			children = (
				07FDE95B1D69ED9D0084D424 /* Base */,
			);
			name = LaunchScreen.storyboard;
			sourceTree = "<group>";
		};
/* End PBXVariantGroup section */

/* Begin XCBuildConfiguration section */
		07FDE9741D69ED9D0084D424 /* Debug */ = {
			isa = XCBuildConfiguration;
			buildSettings = {
				ALWAYS_SEARCH_USER_PATHS = NO;
				CLANG_ANALYZER_NONNULL = YES;
				CLANG_CXX_LANGUAGE_STANDARD = "gnu++0x";
				CLANG_CXX_LIBRARY = "libc++";
				CLANG_ENABLE_MODULES = YES;
				CLANG_ENABLE_OBJC_ARC = YES;
				CLANG_WARN_BOOL_CONVERSION = YES;
				CLANG_WARN_CONSTANT_CONVERSION = YES;
				CLANG_WARN_DIRECT_OBJC_ISA_USAGE = YES_ERROR;
				CLANG_WARN_EMPTY_BODY = YES;
				CLANG_WARN_ENUM_CONVERSION = YES;
				CLANG_WARN_INT_CONVERSION = YES;
				CLANG_WARN_OBJC_ROOT_CLASS = YES_ERROR;
				CLANG_WARN_UNREACHABLE_CODE = YES;
				CLANG_WARN__DUPLICATE_METHOD_MATCH = YES;
				"CODE_SIGN_IDENTITY[sdk=iphoneos*]" = "iPhone Developer";
				COPY_PHASE_STRIP = NO;
				DEBUG_INFORMATION_FORMAT = dwarf;
				ENABLE_STRICT_OBJC_MSGSEND = YES;
				ENABLE_TESTABILITY = YES;
				GCC_C_LANGUAGE_STANDARD = gnu99;
				GCC_DYNAMIC_NO_PIC = NO;
				GCC_NO_COMMON_BLOCKS = YES;
				GCC_OPTIMIZATION_LEVEL = 0;
				GCC_PREPROCESSOR_DEFINITIONS = (
					"DEBUG=1",
					"$(inherited)",
				);
				GCC_WARN_64_TO_32_BIT_CONVERSION = YES;
				GCC_WARN_ABOUT_RETURN_TYPE = YES_ERROR;
				GCC_WARN_UNDECLARED_SELECTOR = YES;
				GCC_WARN_UNINITIALIZED_AUTOS = YES_AGGRESSIVE;
				GCC_WARN_UNUSED_FUNCTION = YES;
				GCC_WARN_UNUSED_VARIABLE = YES;
				IPHONEOS_DEPLOYMENT_TARGET = 9.3;
				MTL_ENABLE_DEBUG_INFO = YES;
				ONLY_ACTIVE_ARCH = YES;
				SDKROOT = iphoneos;
			};
			name = Debug;
		};
		07FDE9751D69ED9D0084D424 /* Release */ = {
			isa = XCBuildConfiguration;
			buildSettings = {
				ALWAYS_SEARCH_USER_PATHS = NO;
				CLANG_ANALYZER_NONNULL = YES;
				CLANG_CXX_LANGUAGE_STANDARD = "gnu++0x";
				CLANG_CXX_LIBRARY = "libc++";
				CLANG_ENABLE_MODULES = YES;
				CLANG_ENABLE_OBJC_ARC = YES;
				CLANG_WARN_BOOL_CONVERSION = YES;
				CLANG_WARN_CONSTANT_CONVERSION = YES;
				CLANG_WARN_DIRECT_OBJC_ISA_USAGE = YES_ERROR;
				CLANG_WARN_EMPTY_BODY = YES;
				CLANG_WARN_ENUM_CONVERSION = YES;
				CLANG_WARN_INT_CONVERSION = YES;
				CLANG_WARN_OBJC_ROOT_CLASS = YES_ERROR;
				CLANG_WARN_UNREACHABLE_CODE = YES;
				CLANG_WARN__DUPLICATE_METHOD_MATCH = YES;
				"CODE_SIGN_IDENTITY[sdk=iphoneos*]" = "iPhone Developer";
				COPY_PHASE_STRIP = NO;
				DEBUG_INFORMATION_FORMAT = "dwarf-with-dsym";
				ENABLE_NS_ASSERTIONS = NO;
				ENABLE_STRICT_OBJC_MSGSEND = YES;
				GCC_C_LANGUAGE_STANDARD = gnu99;
				GCC_NO_COMMON_BLOCKS = YES;
				GCC_WARN_64_TO_32_BIT_CONVERSION = YES;
				GCC_WARN_ABOUT_RETURN_TYPE = YES_ERROR;
				GCC_WARN_UNDECLARED_SELECTOR = YES;
				GCC_WARN_UNINITIALIZED_AUTOS = YES_AGGRESSIVE;
				GCC_WARN_UNUSED_FUNCTION = YES;
				GCC_WARN_UNUSED_VARIABLE = YES;
				IPHONEOS_DEPLOYMENT_TARGET = 9.3;
				MTL_ENABLE_DEBUG_INFO = NO;
				SDKROOT = iphoneos;
				VALIDATE_PRODUCT = YES;
			};
			name = Release;
		};
		07FDE9771D69ED9D0084D424 /* Debug */ = {
			isa = XCBuildConfiguration;
			buildSettings = {
				ASSETCATALOG_COMPILER_APPICON_NAME = AppIcon;
				INFOPLIST_FILE = LIPDatabaseDemo/Info.plist;
				LD_RUNPATH_SEARCH_PATHS = "$(inherited) @executable_path/Frameworks";
				PRODUCT_BUNDLE_IDENTIFIER = com.lip.LIPDatabaseDemo;
				PRODUCT_NAME = "$(TARGET_NAME)";
			};
			name = Debug;
		};
		07FDE9781D69ED9D0084D424 /* Release */ = {
			isa = XCBuildConfiguration;
			buildSettings = {
				ASSETCATALOG_COMPILER_APPICON_NAME = AppIcon;
				INFOPLIST_FILE = LIPDatabaseDemo/Info.plist;
				LD_RUNPATH_SEARCH_PATHS = "$(inherited) @executable_path/Frameworks";
				PRODUCT_BUNDLE_IDENTIFIER = com.lip.LIPDatabaseDemo;
				PRODUCT_NAME = "$(TARGET_NAME)";
			};
			name = Release;
		};
		07FDE97A1D69ED9D0084D424 /* Debug */ = {
			isa = XCBuildConfiguration;
			buildSettings = {
				BUNDLE_LOADER = "$(TEST_HOST)";
				INFOPLIST_FILE = LIPDatabaseDemoTests/Info.plist;
				LD_RUNPATH_SEARCH_PATHS = "$(inherited) @executable_path/Frameworks @loader_path/Frameworks";
				PRODUCT_BUNDLE_IDENTIFIER = com.lip.LIPDatabaseDemoTests;
				PRODUCT_NAME = "$(TARGET_NAME)";
				TEST_HOST = "$(BUILT_PRODUCTS_DIR)/LIPDatabaseDemo.app/LIPDatabaseDemo";
			};
			name = Debug;
		};
		07FDE97B1D69ED9D0084D424 /* Release */ = {
			isa = XCBuildConfiguration;
			buildSettings = {
				BUNDLE_LOADER = "$(TEST_HOST)";
				INFOPLIST_FILE = LIPDatabaseDemoTests/Info.plist;
				LD_RUNPATH_SEARCH_PATHS = "$(inherited) @executable_path/Frameworks @loader_path/Frameworks";
				PRODUCT_BUNDLE_IDENTIFIER = com.lip.LIPDatabaseDemoTests;
				PRODUCT_NAME = "$(TARGET_NAME)";
				TEST_HOST = "$(BUILT_PRODUCTS_DIR)/LIPDatabaseDemo.app/LIPDatabaseDemo";
			};
			name = Release;
		};
		07FDE97D1D69ED9D0084D424 /* Debug */ = {
			isa = XCBuildConfiguration;
			buildSettings = {
				INFOPLIST_FILE = LIPDatabaseDemoUITests/Info.plist;
				LD_RUNPATH_SEARCH_PATHS = "$(inherited) @executable_path/Frameworks @loader_path/Frameworks";
				PRODUCT_BUNDLE_IDENTIFIER = com.lip.LIPDatabaseDemoUITests;
				PRODUCT_NAME = "$(TARGET_NAME)";
				TEST_TARGET_NAME = LIPDatabaseDemo;
			};
			name = Debug;
		};
		07FDE97E1D69ED9D0084D424 /* Release */ = {
			isa = XCBuildConfiguration;
			buildSettings = {
				INFOPLIST_FILE = LIPDatabaseDemoUITests/Info.plist;
				LD_RUNPATH_SEARCH_PATHS = "$(inherited) @executable_path/Frameworks @loader_path/Frameworks";
				PRODUCT_BUNDLE_IDENTIFIER = com.lip.LIPDatabaseDemoUITests;
				PRODUCT_NAME = "$(TARGET_NAME)";
				TEST_TARGET_NAME = LIPDatabaseDemo;
			};
			name = Release;
		};
/* End XCBuildConfiguration section */

/* Begin XCConfigurationList section */
		07FDE9441D69ED9D0084D424 /* Build configuration list for PBXProject "LIPDatabaseDemo" */ = {
			isa = XCConfigurationList;
			buildConfigurations = (
				07FDE9741D69ED9D0084D424 /* Debug */,
				07FDE9751D69ED9D0084D424 /* Release */,
			);
			defaultConfigurationIsVisible = 0;
			defaultConfigurationName = Release;
		};
		07FDE9761D69ED9D0084D424 /* Build configuration list for PBXNativeTarget "LIPDatabaseDemo" */ = {
			isa = XCConfigurationList;
			buildConfigurations = (
				07FDE9771D69ED9D0084D424 /* Debug */,
				07FDE9781D69ED9D0084D424 /* Release */,
			);
			defaultConfigurationIsVisible = 0;
			defaultConfigurationName = Release;
		};
		07FDE9791D69ED9D0084D424 /* Build configuration list for PBXNativeTarget "LIPDatabaseDemoTests" */ = {
			isa = XCConfigurationList;
			buildConfigurations = (
				07FDE97A1D69ED9D0084D424 /* Debug */,
				07FDE97B1D69ED9D0084D424 /* Release */,
			);
			defaultConfigurationIsVisible = 0;
			defaultConfigurationName = Release;
		};
		07FDE97C1D69ED9D0084D424 /* Build configuration list for PBXNativeTarget "LIPDatabaseDemoUITests" */ = {
			isa = XCConfigurationList;
			buildConfigurations = (
				07FDE97D1D69ED9D0084D424 /* Debug */,
				07FDE97E1D69ED9D0084D424 /* Release */,
			);
			defaultConfigurationIsVisible = 0;
			defaultConfigurationName = Release;
		};
/* End XCConfigurationList section */
	};
	rootObject = 07FDE9411D69ED9D0084D424 /* Project object */;
}
